// !$*UTF8*$!
{
	archiveVersion = 1;
	classes = {
	};
	objectVersion = 56;
	objects = {

/* Begin PBXBuildFile section */
		3B20EDF52B722E7F00630746 /* OnboardingViewPresenter.swift in Sources */ = {isa = PBXBuildFile; fileRef = 3B20EDF42B722E7F00630746 /* OnboardingViewPresenter.swift */; };
		3B20EDF82B722EBD00630746 /* OnboardingViewController.swift in Sources */ = {isa = PBXBuildFile; fileRef = 3B20EDF62B722EBD00630746 /* OnboardingViewController.swift */; };
		3B20EDFC2B726E6900630746 /* OnboardingPartViewController.swift in Sources */ = {isa = PBXBuildFile; fileRef = 3B20EDFA2B726E6900630746 /* OnboardingPartViewController.swift */; };
		3B282B042B7781160012CE8F /* UserStorage.swift in Sources */ = {isa = PBXBuildFile; fileRef = 3B282B032B7781160012CE8F /* UserStorage.swift */; };
		3B517EB92B71254400876B1E /* AppCoordinator.swift in Sources */ = {isa = PBXBuildFile; fileRef = 3B517EB82B71254400876B1E /* AppCoordinator.swift */; };
		3B517EBB2B71262200876B1E /* OnboardingCoordinator.swift in Sources */ = {isa = PBXBuildFile; fileRef = 3B517EBA2B71262200876B1E /* OnboardingCoordinator.swift */; };
		3B517EBD2B7169FF00876B1E /* HomeCoordinator.swift in Sources */ = {isa = PBXBuildFile; fileRef = 3B517EBC2B7169FF00876B1E /* HomeCoordinator.swift */; };
		3B517EBF2B716A4200876B1E /* OrderCoordinator.swift in Sources */ = {isa = PBXBuildFile; fileRef = 3B517EBE2B716A4200876B1E /* OrderCoordinator.swift */; };
		3B517EC72B720FDE00876B1E /* ListCoordinator.swift in Sources */ = {isa = PBXBuildFile; fileRef = 3B517EC62B720FDE00876B1E /* ListCoordinator.swift */; };
		3B517EC92B72101300876B1E /* ProfileCoordinator.swift in Sources */ = {isa = PBXBuildFile; fileRef = 3B517EC82B72101300876B1E /* ProfileCoordinator.swift */; };
		3B517ECB2B72106600876B1E /* TabBarController.swift in Sources */ = {isa = PBXBuildFile; fileRef = 3B517ECA2B72106600876B1E /* TabBarController.swift */; };
		3BB0564A2B70FFAE000A1E1D /* AppDelegate.swift in Sources */ = {isa = PBXBuildFile; fileRef = 3BB056492B70FFAE000A1E1D /* AppDelegate.swift */; };
		3BB0564C2B70FFAE000A1E1D /* SceneDelegate.swift in Sources */ = {isa = PBXBuildFile; fileRef = 3BB0564B2B70FFAE000A1E1D /* SceneDelegate.swift */; };
		3BB0564E2B70FFAE000A1E1D /* ViewController.swift in Sources */ = {isa = PBXBuildFile; fileRef = 3BB0564D2B70FFAE000A1E1D /* ViewController.swift */; };
		3BB056502B70FFAF000A1E1D /* Assets.xcassets in Resources */ = {isa = PBXBuildFile; fileRef = 3BB0564F2B70FFAF000A1E1D /* Assets.xcassets */; };
		3BB056532B70FFAF000A1E1D /* LaunchScreen.storyboard in Resources */ = {isa = PBXBuildFile; fileRef = 3BB056512B70FFAF000A1E1D /* LaunchScreen.storyboard */; };
		3BB0566B2B710452000A1E1D /* Roboto-Medium.ttf in Resources */ = {isa = PBXBuildFile; fileRef = 3BB0565E2B710452000A1E1D /* Roboto-Medium.ttf */; };
		3BB0566C2B710452000A1E1D /* Roboto-Light.ttf in Resources */ = {isa = PBXBuildFile; fileRef = 3BB0565F2B710452000A1E1D /* Roboto-Light.ttf */; };
		3BB0566D2B710452000A1E1D /* Roboto-Regular.ttf in Resources */ = {isa = PBXBuildFile; fileRef = 3BB056602B710452000A1E1D /* Roboto-Regular.ttf */; };
		3BB0566E2B710452000A1E1D /* Roboto-MediumItalic.ttf in Resources */ = {isa = PBXBuildFile; fileRef = 3BB056612B710452000A1E1D /* Roboto-MediumItalic.ttf */; };
		3BB0566F2B710452000A1E1D /* Roboto-ThinItalic.ttf in Resources */ = {isa = PBXBuildFile; fileRef = 3BB056622B710452000A1E1D /* Roboto-ThinItalic.ttf */; };
		3BB056702B710452000A1E1D /* Roboto-BoldItalic.ttf in Resources */ = {isa = PBXBuildFile; fileRef = 3BB056632B710452000A1E1D /* Roboto-BoldItalic.ttf */; };
		3BB056712B710452000A1E1D /* Roboto-LightItalic.ttf in Resources */ = {isa = PBXBuildFile; fileRef = 3BB056642B710452000A1E1D /* Roboto-LightItalic.ttf */; };
		3BB056722B710452000A1E1D /* Roboto-Italic.ttf in Resources */ = {isa = PBXBuildFile; fileRef = 3BB056652B710452000A1E1D /* Roboto-Italic.ttf */; };
		3BB056732B710452000A1E1D /* LICENSE.txt in Resources */ = {isa = PBXBuildFile; fileRef = 3BB056662B710452000A1E1D /* LICENSE.txt */; };
		3BB056742B710452000A1E1D /* Roboto-BlackItalic.ttf in Resources */ = {isa = PBXBuildFile; fileRef = 3BB056672B710452000A1E1D /* Roboto-BlackItalic.ttf */; };
		3BB056752B710452000A1E1D /* Roboto-Bold.ttf in Resources */ = {isa = PBXBuildFile; fileRef = 3BB056682B710452000A1E1D /* Roboto-Bold.ttf */; };
		3BB056762B710452000A1E1D /* Roboto-Thin.ttf in Resources */ = {isa = PBXBuildFile; fileRef = 3BB056692B710452000A1E1D /* Roboto-Thin.ttf */; };
		3BB056772B710452000A1E1D /* Roboto-Black.ttf in Resources */ = {isa = PBXBuildFile; fileRef = 3BB0566A2B710452000A1E1D /* Roboto-Black.ttf */; };
		3BB0567A2B710485000A1E1D /* UIFont+Extention.swift in Sources */ = {isa = PBXBuildFile; fileRef = 3BB056792B710485000A1E1D /* UIFont+Extention.swift */; };
		3BB0567D2B710582000A1E1D /* RxAlamofire in Frameworks */ = {isa = PBXBuildFile; productRef = 3BB0567C2B710582000A1E1D /* RxAlamofire */; };
		3BB056802B710590000A1E1D /* SnapKit in Frameworks */ = {isa = PBXBuildFile; productRef = 3BB0567F2B710590000A1E1D /* SnapKit */; };
		3BB056832B71063C000A1E1D /* Differentiator in Frameworks */ = {isa = PBXBuildFile; productRef = 3BB056822B71063C000A1E1D /* Differentiator */; };
		3BB056852B71063C000A1E1D /* RxDataSources in Frameworks */ = {isa = PBXBuildFile; productRef = 3BB056842B71063C000A1E1D /* RxDataSources */; };
		3BB056872B7106DB000A1E1D /* AppColors.swift in Sources */ = {isa = PBXBuildFile; fileRef = 3BB056862B7106DB000A1E1D /* AppColors.swift */; };
		3BB0568C2B710CFB000A1E1D /* Coordinator.swift in Sources */ = {isa = PBXBuildFile; fileRef = 3BB0568B2B710CFB000A1E1D /* Coordinator.swift */; };
/* End PBXBuildFile section */

/* Begin PBXFileReference section */
		3B20EDF42B722E7F00630746 /* OnboardingViewPresenter.swift */ = {isa = PBXFileReference; lastKnownFileType = sourcecode.swift; path = OnboardingViewPresenter.swift; sourceTree = "<group>"; };
		3B20EDF62B722EBD00630746 /* OnboardingViewController.swift */ = {isa = PBXFileReference; lastKnownFileType = sourcecode.swift; path = OnboardingViewController.swift; sourceTree = "<group>"; };
		3B20EDFA2B726E6900630746 /* OnboardingPartViewController.swift */ = {isa = PBXFileReference; lastKnownFileType = sourcecode.swift; path = OnboardingPartViewController.swift; sourceTree = "<group>"; };
		3B282B032B7781160012CE8F /* UserStorage.swift */ = {isa = PBXFileReference; lastKnownFileType = sourcecode.swift; path = UserStorage.swift; sourceTree = "<group>"; };
		3B517EB82B71254400876B1E /* AppCoordinator.swift */ = {isa = PBXFileReference; lastKnownFileType = sourcecode.swift; path = AppCoordinator.swift; sourceTree = "<group>"; };
		3B517EBA2B71262200876B1E /* OnboardingCoordinator.swift */ = {isa = PBXFileReference; lastKnownFileType = sourcecode.swift; path = OnboardingCoordinator.swift; sourceTree = "<group>"; };
		3B517EBC2B7169FF00876B1E /* HomeCoordinator.swift */ = {isa = PBXFileReference; lastKnownFileType = sourcecode.swift; path = HomeCoordinator.swift; sourceTree = "<group>"; };
		3B517EBE2B716A4200876B1E /* OrderCoordinator.swift */ = {isa = PBXFileReference; lastKnownFileType = sourcecode.swift; path = OrderCoordinator.swift; sourceTree = "<group>"; };
		3B517EC62B720FDE00876B1E /* ListCoordinator.swift */ = {isa = PBXFileReference; lastKnownFileType = sourcecode.swift; path = ListCoordinator.swift; sourceTree = "<group>"; };
		3B517EC82B72101300876B1E /* ProfileCoordinator.swift */ = {isa = PBXFileReference; lastKnownFileType = sourcecode.swift; path = ProfileCoordinator.swift; sourceTree = "<group>"; };
		3B517ECA2B72106600876B1E /* TabBarController.swift */ = {isa = PBXFileReference; lastKnownFileType = sourcecode.swift; path = TabBarController.swift; sourceTree = "<group>"; };
		3BB056462B70FFAE000A1E1D /* FoodDelivery.app */ = {isa = PBXFileReference; explicitFileType = wrapper.application; includeInIndex = 0; path = FoodDelivery.app; sourceTree = BUILT_PRODUCTS_DIR; };
		3BB056492B70FFAE000A1E1D /* AppDelegate.swift */ = {isa = PBXFileReference; lastKnownFileType = sourcecode.swift; path = AppDelegate.swift; sourceTree = "<group>"; };
		3BB0564B2B70FFAE000A1E1D /* SceneDelegate.swift */ = {isa = PBXFileReference; lastKnownFileType = sourcecode.swift; path = SceneDelegate.swift; sourceTree = "<group>"; };
		3BB0564D2B70FFAE000A1E1D /* ViewController.swift */ = {isa = PBXFileReference; lastKnownFileType = sourcecode.swift; path = ViewController.swift; sourceTree = "<group>"; };
		3BB0564F2B70FFAF000A1E1D /* Assets.xcassets */ = {isa = PBXFileReference; lastKnownFileType = folder.assetcatalog; path = Assets.xcassets; sourceTree = "<group>"; };
		3BB056522B70FFAF000A1E1D /* Base */ = {isa = PBXFileReference; lastKnownFileType = file.storyboard; name = Base; path = Base.lproj/LaunchScreen.storyboard; sourceTree = "<group>"; };
		3BB056542B70FFAF000A1E1D /* Info.plist */ = {isa = PBXFileReference; lastKnownFileType = text.plist.xml; path = Info.plist; sourceTree = "<group>"; };
		3BB0565E2B710452000A1E1D /* Roboto-Medium.ttf */ = {isa = PBXFileReference; lastKnownFileType = file; path = "Roboto-Medium.ttf"; sourceTree = "<group>"; };
		3BB0565F2B710452000A1E1D /* Roboto-Light.ttf */ = {isa = PBXFileReference; lastKnownFileType = file; path = "Roboto-Light.ttf"; sourceTree = "<group>"; };
		3BB056602B710452000A1E1D /* Roboto-Regular.ttf */ = {isa = PBXFileReference; lastKnownFileType = file; path = "Roboto-Regular.ttf"; sourceTree = "<group>"; };
		3BB056612B710452000A1E1D /* Roboto-MediumItalic.ttf */ = {isa = PBXFileReference; lastKnownFileType = file; path = "Roboto-MediumItalic.ttf"; sourceTree = "<group>"; };
		3BB056622B710452000A1E1D /* Roboto-ThinItalic.ttf */ = {isa = PBXFileReference; lastKnownFileType = file; path = "Roboto-ThinItalic.ttf"; sourceTree = "<group>"; };
		3BB056632B710452000A1E1D /* Roboto-BoldItalic.ttf */ = {isa = PBXFileReference; lastKnownFileType = file; path = "Roboto-BoldItalic.ttf"; sourceTree = "<group>"; };
		3BB056642B710452000A1E1D /* Roboto-LightItalic.ttf */ = {isa = PBXFileReference; lastKnownFileType = file; path = "Roboto-LightItalic.ttf"; sourceTree = "<group>"; };
		3BB056652B710452000A1E1D /* Roboto-Italic.ttf */ = {isa = PBXFileReference; lastKnownFileType = file; path = "Roboto-Italic.ttf"; sourceTree = "<group>"; };
		3BB056662B710452000A1E1D /* LICENSE.txt */ = {isa = PBXFileReference; fileEncoding = 4; lastKnownFileType = text; path = LICENSE.txt; sourceTree = "<group>"; };
		3BB056672B710452000A1E1D /* Roboto-BlackItalic.ttf */ = {isa = PBXFileReference; lastKnownFileType = file; path = "Roboto-BlackItalic.ttf"; sourceTree = "<group>"; };
		3BB056682B710452000A1E1D /* Roboto-Bold.ttf */ = {isa = PBXFileReference; lastKnownFileType = file; path = "Roboto-Bold.ttf"; sourceTree = "<group>"; };
		3BB056692B710452000A1E1D /* Roboto-Thin.ttf */ = {isa = PBXFileReference; lastKnownFileType = file; path = "Roboto-Thin.ttf"; sourceTree = "<group>"; };
		3BB0566A2B710452000A1E1D /* Roboto-Black.ttf */ = {isa = PBXFileReference; lastKnownFileType = file; path = "Roboto-Black.ttf"; sourceTree = "<group>"; };
		3BB056792B710485000A1E1D /* UIFont+Extention.swift */ = {isa = PBXFileReference; lastKnownFileType = sourcecode.swift; path = "UIFont+Extention.swift"; sourceTree = "<group>"; };
		3BB056862B7106DB000A1E1D /* AppColors.swift */ = {isa = PBXFileReference; lastKnownFileType = sourcecode.swift; path = AppColors.swift; sourceTree = "<group>"; };
		3BB0568B2B710CFB000A1E1D /* Coordinator.swift */ = {isa = PBXFileReference; lastKnownFileType = sourcecode.swift; path = Coordinator.swift; sourceTree = "<group>"; };
/* End PBXFileReference section */

/* Begin PBXFrameworksBuildPhase section */
		3BB056432B70FFAE000A1E1D /* Frameworks */ = {
			isa = PBXFrameworksBuildPhase;
			buildActionMask = 2147483647;
			files = (
				3BB0567D2B710582000A1E1D /* RxAlamofire in Frameworks */,
				3BB056852B71063C000A1E1D /* RxDataSources in Frameworks */,
				3BB056832B71063C000A1E1D /* Differentiator in Frameworks */,
				3BB056802B710590000A1E1D /* SnapKit in Frameworks */,
			);
			runOnlyForDeploymentPostprocessing = 0;
		};
/* End PBXFrameworksBuildPhase section */

/* Begin PBXGroup section */
		3B20EDF02B722DCE00630746 /* Modules */ = {
			isa = PBXGroup;
			children = (
				3B20EDF12B722E4F00630746 /* Onboarding */,
			);
			path = Modules;
			sourceTree = "<group>";
		};
		3B20EDF12B722E4F00630746 /* Onboarding */ = {
			isa = PBXGroup;
			children = (
				3B20EDF42B722E7F00630746 /* OnboardingViewPresenter.swift */,
				3B20EDF62B722EBD00630746 /* OnboardingViewController.swift */,
				3B20EDFA2B726E6900630746 /* OnboardingPartViewController.swift */,
			);
			path = Onboarding;
			sourceTree = "<group>";
		};
		3B282B002B7780D90012CE8F /* ServicesLayer */ = {
			isa = PBXGroup;
			children = (
				3B282B032B7781160012CE8F /* UserStorage.swift */,
			);
			path = ServicesLayer;
			sourceTree = "<group>";
		};
		3BB0563D2B70FFAE000A1E1D = {
			isa = PBXGroup;
			children = (
				3BB056482B70FFAE000A1E1D /* FoodDelivery */,
				3BB056472B70FFAE000A1E1D /* Products */,
			);
			sourceTree = "<group>";
		};
		3BB056472B70FFAE000A1E1D /* Products */ = {
			isa = PBXGroup;
			children = (
				3BB056462B70FFAE000A1E1D /* FoodDelivery.app */,
			);
			name = Products;
			sourceTree = "<group>";
		};
		3BB056482B70FFAE000A1E1D /* FoodDelivery */ = {
			isa = PBXGroup;
			children = (
				3B282B002B7780D90012CE8F /* ServicesLayer */,
				3B20EDF02B722DCE00630746 /* Modules */,
				3BB056882B710CB9000A1E1D /* NavigationLayer */,
				3BB0565B2B7100DA000A1E1D /* Application */,
				3BB0564D2B70FFAE000A1E1D /* ViewController.swift */,
				3BB0565A2B7100A2000A1E1D /* Resources */,
			);
			path = FoodDelivery;
			sourceTree = "<group>";
		};
		3BB0565A2B7100A2000A1E1D /* Resources */ = {
			isa = PBXGroup;
			children = (
				3BB056782B710472000A1E1D /* Extentions */,
				3BB0565C2B71043E000A1E1D /* Fonts */,
				3BB0564F2B70FFAF000A1E1D /* Assets.xcassets */,
				3BB056512B70FFAF000A1E1D /* LaunchScreen.storyboard */,
				3BB056542B70FFAF000A1E1D /* Info.plist */,
				3BB056862B7106DB000A1E1D /* AppColors.swift */,
			);
			path = Resources;
			sourceTree = "<group>";
		};
		3BB0565B2B7100DA000A1E1D /* Application */ = {
			isa = PBXGroup;
			children = (
				3BB056492B70FFAE000A1E1D /* AppDelegate.swift */,
				3BB0564B2B70FFAE000A1E1D /* SceneDelegate.swift */,
			);
			path = Application;
			sourceTree = "<group>";
		};
		3BB0565C2B71043E000A1E1D /* Fonts */ = {
			isa = PBXGroup;
			children = (
				3BB0565D2B710452000A1E1D /* Roboto */,
			);
			path = Fonts;
			sourceTree = "<group>";
		};
		3BB0565D2B710452000A1E1D /* Roboto */ = {
			isa = PBXGroup;
			children = (
				3BB0565E2B710452000A1E1D /* Roboto-Medium.ttf */,
				3BB0565F2B710452000A1E1D /* Roboto-Light.ttf */,
				3BB056602B710452000A1E1D /* Roboto-Regular.ttf */,
				3BB056612B710452000A1E1D /* Roboto-MediumItalic.ttf */,
				3BB056622B710452000A1E1D /* Roboto-ThinItalic.ttf */,
				3BB056632B710452000A1E1D /* Roboto-BoldItalic.ttf */,
				3BB056642B710452000A1E1D /* Roboto-LightItalic.ttf */,
				3BB056652B710452000A1E1D /* Roboto-Italic.ttf */,
				3BB056662B710452000A1E1D /* LICENSE.txt */,
				3BB056672B710452000A1E1D /* Roboto-BlackItalic.ttf */,
				3BB056682B710452000A1E1D /* Roboto-Bold.ttf */,
				3BB056692B710452000A1E1D /* Roboto-Thin.ttf */,
				3BB0566A2B710452000A1E1D /* Roboto-Black.ttf */,
			);
			path = Roboto;
			sourceTree = "<group>";
		};
		3BB056782B710472000A1E1D /* Extentions */ = {
			isa = PBXGroup;
			children = (
				3BB056792B710485000A1E1D /* UIFont+Extention.swift */,
			);
			path = Extentions;
			sourceTree = "<group>";
		};
		3BB056882B710CB9000A1E1D /* NavigationLayer */ = {
			isa = PBXGroup;
			children = (
				3BB0568A2B710CE3000A1E1D /* Controllers */,
				3BB056892B710CD8000A1E1D /* Coordinators */,
			);
			path = NavigationLayer;
			sourceTree = "<group>";
		};
		3BB056892B710CD8000A1E1D /* Coordinators */ = {
			isa = PBXGroup;
			children = (
				3BB0568B2B710CFB000A1E1D /* Coordinator.swift */,
				3B517EB82B71254400876B1E /* AppCoordinator.swift */,
				3B517EBA2B71262200876B1E /* OnboardingCoordinator.swift */,
				3B517EBC2B7169FF00876B1E /* HomeCoordinator.swift */,
				3B517EBE2B716A4200876B1E /* OrderCoordinator.swift */,
				3B517EC62B720FDE00876B1E /* ListCoordinator.swift */,
				3B517EC82B72101300876B1E /* ProfileCoordinator.swift */,
			);
			path = Coordinators;
			sourceTree = "<group>";
		};
		3BB0568A2B710CE3000A1E1D /* Controllers */ = {
			isa = PBXGroup;
			children = (
				3B517ECA2B72106600876B1E /* TabBarController.swift */,
			);
			path = Controllers;
			sourceTree = "<group>";
		};
/* End PBXGroup section */

/* Begin PBXNativeTarget section */
		3BB056452B70FFAE000A1E1D /* FoodDelivery */ = {
			isa = PBXNativeTarget;
			buildConfigurationList = 3BB056572B70FFAF000A1E1D /* Build configuration list for PBXNativeTarget "FoodDelivery" */;
			buildPhases = (
				3BB056422B70FFAE000A1E1D /* Sources */,
				3BB056432B70FFAE000A1E1D /* Frameworks */,
				3BB056442B70FFAE000A1E1D /* Resources */,
			);
			buildRules = (
			);
			dependencies = (
			);
			name = FoodDelivery;
			packageProductDependencies = (
				3BB0567C2B710582000A1E1D /* RxAlamofire */,
				3BB0567F2B710590000A1E1D /* SnapKit */,
				3BB056822B71063C000A1E1D /* Differentiator */,
				3BB056842B71063C000A1E1D /* RxDataSources */,
			);
			productName = FoodDelivery;
			productReference = 3BB056462B70FFAE000A1E1D /* FoodDelivery.app */;
			productType = "com.apple.product-type.application";
		};
/* End PBXNativeTarget section */

/* Begin PBXProject section */
		3BB0563E2B70FFAE000A1E1D /* Project object */ = {
			isa = PBXProject;
			attributes = {
				BuildIndependentTargetsInParallel = 1;
				LastSwiftUpdateCheck = 1520;
				LastUpgradeCheck = 1520;
				TargetAttributes = {
					3BB056452B70FFAE000A1E1D = {
						CreatedOnToolsVersion = 15.2;
					};
				};
			};
			buildConfigurationList = 3BB056412B70FFAE000A1E1D /* Build configuration list for PBXProject "FoodDelivery" */;
			compatibilityVersion = "Xcode 14.0";
			developmentRegion = en;
			hasScannedForEncodings = 0;
			knownRegions = (
				en,
				Base,
			);
			mainGroup = 3BB0563D2B70FFAE000A1E1D;
			packageReferences = (
				3BB0567B2B710582000A1E1D /* XCRemoteSwiftPackageReference "RxAlamofire" */,
				3BB0567E2B710590000A1E1D /* XCRemoteSwiftPackageReference "SnapKit" */,
				3BB056812B71063C000A1E1D /* XCRemoteSwiftPackageReference "RxDataSources" */,
			);
			productRefGroup = 3BB056472B70FFAE000A1E1D /* Products */;
			projectDirPath = "";
			projectRoot = "";
			targets = (
				3BB056452B70FFAE000A1E1D /* FoodDelivery */,
			);
		};
/* End PBXProject section */

/* Begin PBXResourcesBuildPhase section */
		3BB056442B70FFAE000A1E1D /* Resources */ = {
			isa = PBXResourcesBuildPhase;
			buildActionMask = 2147483647;
			files = (
				3BB056762B710452000A1E1D /* Roboto-Thin.ttf in Resources */,
				3BB056732B710452000A1E1D /* LICENSE.txt in Resources */,
				3BB056772B710452000A1E1D /* Roboto-Black.ttf in Resources */,
				3BB056752B710452000A1E1D /* Roboto-Bold.ttf in Resources */,
				3BB056502B70FFAF000A1E1D /* Assets.xcassets in Resources */,
				3BB056532B70FFAF000A1E1D /* LaunchScreen.storyboard in Resources */,
				3BB056702B710452000A1E1D /* Roboto-BoldItalic.ttf in Resources */,
				3BB0566D2B710452000A1E1D /* Roboto-Regular.ttf in Resources */,
				3BB0566F2B710452000A1E1D /* Roboto-ThinItalic.ttf in Resources */,
				3BB056712B710452000A1E1D /* Roboto-LightItalic.ttf in Resources */,
				3BB056742B710452000A1E1D /* Roboto-BlackItalic.ttf in Resources */,
				3BB0566C2B710452000A1E1D /* Roboto-Light.ttf in Resources */,
				3BB056722B710452000A1E1D /* Roboto-Italic.ttf in Resources */,
				3BB0566E2B710452000A1E1D /* Roboto-MediumItalic.ttf in Resources */,
				3BB0566B2B710452000A1E1D /* Roboto-Medium.ttf in Resources */,
			);
			runOnlyForDeploymentPostprocessing = 0;
		};
/* End PBXResourcesBuildPhase section */

/* Begin PBXSourcesBuildPhase section */
		3BB056422B70FFAE000A1E1D /* Sources */ = {
			isa = PBXSourcesBuildPhase;
			buildActionMask = 2147483647;
			files = (
				3BB0564E2B70FFAE000A1E1D /* ViewController.swift in Sources */,
				3B517ECB2B72106600876B1E /* TabBarController.swift in Sources */,
				3B20EDF52B722E7F00630746 /* OnboardingViewPresenter.swift in Sources */,
				3B517EBF2B716A4200876B1E /* OrderCoordinator.swift in Sources */,
				3BB0564A2B70FFAE000A1E1D /* AppDelegate.swift in Sources */,
				3B517EBD2B7169FF00876B1E /* HomeCoordinator.swift in Sources */,
				3B517EC92B72101300876B1E /* ProfileCoordinator.swift in Sources */,
				3B20EDF82B722EBD00630746 /* OnboardingViewController.swift in Sources */,
				3BB0568C2B710CFB000A1E1D /* Coordinator.swift in Sources */,
				3BB0564C2B70FFAE000A1E1D /* SceneDelegate.swift in Sources */,
				3B282B042B7781160012CE8F /* UserStorage.swift in Sources */,
				3BB056872B7106DB000A1E1D /* AppColors.swift in Sources */,
				3B517EC72B720FDE00876B1E /* ListCoordinator.swift in Sources */,
				3B20EDFC2B726E6900630746 /* OnboardingPartViewController.swift in Sources */,
				3B517EBB2B71262200876B1E /* OnboardingCoordinator.swift in Sources */,
				3BB0567A2B710485000A1E1D /* UIFont+Extention.swift in Sources */,
				3B517EB92B71254400876B1E /* AppCoordinator.swift in Sources */,
			);
			runOnlyForDeploymentPostprocessing = 0;
		};
/* End PBXSourcesBuildPhase section */

/* Begin PBXVariantGroup section */
		3BB056512B70FFAF000A1E1D /* LaunchScreen.storyboard */ = {
			isa = PBXVariantGroup;
			children = (
				3BB056522B70FFAF000A1E1D /* Base */,
			);
			name = LaunchScreen.storyboard;
			sourceTree = "<group>";
		};
/* End PBXVariantGroup section */

/* Begin XCBuildConfiguration section */
		3BB056552B70FFAF000A1E1D /* Debug */ = {
			isa = XCBuildConfiguration;
			buildSettings = {
				ALWAYS_SEARCH_USER_PATHS = NO;
				ASSETCATALOG_COMPILER_GENERATE_SWIFT_ASSET_SYMBOL_EXTENSIONS = YES;
				CLANG_ANALYZER_NONNULL = YES;
				CLANG_ANALYZER_NUMBER_OBJECT_CONVERSION = YES_AGGRESSIVE;
				CLANG_CXX_LANGUAGE_STANDARD = "gnu++20";
				CLANG_ENABLE_MODULES = YES;
				CLANG_ENABLE_OBJC_ARC = YES;
				CLANG_ENABLE_OBJC_WEAK = YES;
				CLANG_WARN_BLOCK_CAPTURE_AUTORELEASING = YES;
				CLANG_WARN_BOOL_CONVERSION = YES;
				CLANG_WARN_COMMA = YES;
				CLANG_WARN_CONSTANT_CONVERSION = YES;
				CLANG_WARN_DEPRECATED_OBJC_IMPLEMENTATIONS = YES;
				CLANG_WARN_DIRECT_OBJC_ISA_USAGE = YES_ERROR;
				CLANG_WARN_DOCUMENTATION_COMMENTS = YES;
				CLANG_WARN_EMPTY_BODY = YES;
				CLANG_WARN_ENUM_CONVERSION = YES;
				CLANG_WARN_INFINITE_RECURSION = YES;
				CLANG_WARN_INT_CONVERSION = YES;
				CLANG_WARN_NON_LITERAL_NULL_CONVERSION = YES;
				CLANG_WARN_OBJC_IMPLICIT_RETAIN_SELF = YES;
				CLANG_WARN_OBJC_LITERAL_CONVERSION = YES;
				CLANG_WARN_OBJC_ROOT_CLASS = YES_ERROR;
				CLANG_WARN_QUOTED_INCLUDE_IN_FRAMEWORK_HEADER = YES;
				CLANG_WARN_RANGE_LOOP_ANALYSIS = YES;
				CLANG_WARN_STRICT_PROTOTYPES = YES;
				CLANG_WARN_SUSPICIOUS_MOVE = YES;
				CLANG_WARN_UNGUARDED_AVAILABILITY = YES_AGGRESSIVE;
				CLANG_WARN_UNREACHABLE_CODE = YES;
				CLANG_WARN__DUPLICATE_METHOD_MATCH = YES;
				COPY_PHASE_STRIP = NO;
				DEBUG_INFORMATION_FORMAT = dwarf;
				ENABLE_STRICT_OBJC_MSGSEND = YES;
				ENABLE_TESTABILITY = YES;
				ENABLE_USER_SCRIPT_SANDBOXING = YES;
				GCC_C_LANGUAGE_STANDARD = gnu17;
				GCC_DYNAMIC_NO_PIC = NO;
				GCC_NO_COMMON_BLOCKS = YES;
				GCC_OPTIMIZATION_LEVEL = 0;
				GCC_PREPROCESSOR_DEFINITIONS = (
					"DEBUG=1",
					"$(inherited)",
				);
				GCC_WARN_64_TO_32_BIT_CONVERSION = YES;
				GCC_WARN_ABOUT_RETURN_TYPE = YES_ERROR;
				GCC_WARN_UNDECLARED_SELECTOR = YES;
				GCC_WARN_UNINITIALIZED_AUTOS = YES_AGGRESSIVE;
				GCC_WARN_UNUSED_FUNCTION = YES;
				GCC_WARN_UNUSED_VARIABLE = YES;
				IPHONEOS_DEPLOYMENT_TARGET = 17.2;
				LOCALIZATION_PREFERS_STRING_CATALOGS = YES;
				MTL_ENABLE_DEBUG_INFO = INCLUDE_SOURCE;
				MTL_FAST_MATH = YES;
				ONLY_ACTIVE_ARCH = YES;
				SDKROOT = iphoneos;
				SWIFT_ACTIVE_COMPILATION_CONDITIONS = "DEBUG $(inherited)";
				SWIFT_OPTIMIZATION_LEVEL = "-Onone";
			};
			name = Debug;
		};
		3BB056562B70FFAF000A1E1D /* Release */ = {
			isa = XCBuildConfiguration;
			buildSettings = {
				ALWAYS_SEARCH_USER_PATHS = NO;
				ASSETCATALOG_COMPILER_GENERATE_SWIFT_ASSET_SYMBOL_EXTENSIONS = YES;
				CLANG_ANALYZER_NONNULL = YES;
				CLANG_ANALYZER_NUMBER_OBJECT_CONVERSION = YES_AGGRESSIVE;
				CLANG_CXX_LANGUAGE_STANDARD = "gnu++20";
				CLANG_ENABLE_MODULES = YES;
				CLANG_ENABLE_OBJC_ARC = YES;
				CLANG_ENABLE_OBJC_WEAK = YES;
				CLANG_WARN_BLOCK_CAPTURE_AUTORELEASING = YES;
				CLANG_WARN_BOOL_CONVERSION = YES;
				CLANG_WARN_COMMA = YES;
				CLANG_WARN_CONSTANT_CONVERSION = YES;
				CLANG_WARN_DEPRECATED_OBJC_IMPLEMENTATIONS = YES;
				CLANG_WARN_DIRECT_OBJC_ISA_USAGE = YES_ERROR;
				CLANG_WARN_DOCUMENTATION_COMMENTS = YES;
				CLANG_WARN_EMPTY_BODY = YES;
				CLANG_WARN_ENUM_CONVERSION = YES;
				CLANG_WARN_INFINITE_RECURSION = YES;
				CLANG_WARN_INT_CONVERSION = YES;
				CLANG_WARN_NON_LITERAL_NULL_CONVERSION = YES;
				CLANG_WARN_OBJC_IMPLICIT_RETAIN_SELF = YES;
				CLANG_WARN_OBJC_LITERAL_CONVERSION = YES;
				CLANG_WARN_OBJC_ROOT_CLASS = YES_ERROR;
				CLANG_WARN_QUOTED_INCLUDE_IN_FRAMEWORK_HEADER = YES;
				CLANG_WARN_RANGE_LOOP_ANALYSIS = YES;
				CLANG_WARN_STRICT_PROTOTYPES = YES;
				CLANG_WARN_SUSPICIOUS_MOVE = YES;
				CLANG_WARN_UNGUARDED_AVAILABILITY = YES_AGGRESSIVE;
				CLANG_WARN_UNREACHABLE_CODE = YES;
				CLANG_WARN__DUPLICATE_METHOD_MATCH = YES;
				COPY_PHASE_STRIP = NO;
				DEBUG_INFORMATION_FORMAT = "dwarf-with-dsym";
				ENABLE_NS_ASSERTIONS = NO;
				ENABLE_STRICT_OBJC_MSGSEND = YES;
				ENABLE_USER_SCRIPT_SANDBOXING = YES;
				GCC_C_LANGUAGE_STANDARD = gnu17;
				GCC_NO_COMMON_BLOCKS = YES;
				GCC_WARN_64_TO_32_BIT_CONVERSION = YES;
				GCC_WARN_ABOUT_RETURN_TYPE = YES_ERROR;
				GCC_WARN_UNDECLARED_SELECTOR = YES;
				GCC_WARN_UNINITIALIZED_AUTOS = YES_AGGRESSIVE;
				GCC_WARN_UNUSED_FUNCTION = YES;
				GCC_WARN_UNUSED_VARIABLE = YES;
				IPHONEOS_DEPLOYMENT_TARGET = 17.2;
				LOCALIZATION_PREFERS_STRING_CATALOGS = YES;
				MTL_ENABLE_DEBUG_INFO = NO;
				MTL_FAST_MATH = YES;
				SDKROOT = iphoneos;
				SWIFT_COMPILATION_MODE = wholemodule;
				VALIDATE_PRODUCT = YES;
			};
			name = Release;
		};
		3BB056582B70FFAF000A1E1D /* Debug */ = {
			isa = XCBuildConfiguration;
			buildSettings = {
				ASSETCATALOG_COMPILER_APPICON_NAME = AppIcon;
				ASSETCATALOG_COMPILER_GLOBAL_ACCENT_COLOR_NAME = AccentColor;
				CODE_SIGN_STYLE = Automatic;
				CURRENT_PROJECT_VERSION = 1;
				DEVELOPMENT_TEAM = UST3K758X8;
				GENERATE_INFOPLIST_FILE = YES;
				INFOPLIST_FILE = FoodDelivery/Resources/Info.plist;
				INFOPLIST_KEY_UIApplicationSupportsIndirectInputEvents = YES;
				INFOPLIST_KEY_UILaunchStoryboardName = LaunchScreen;
				INFOPLIST_KEY_UISupportedInterfaceOrientations_iPad = "UIInterfaceOrientationPortrait UIInterfaceOrientationPortraitUpsideDown UIInterfaceOrientationLandscapeLeft UIInterfaceOrientationLandscapeRight";
				INFOPLIST_KEY_UISupportedInterfaceOrientations_iPhone = "UIInterfaceOrientationPortrait UIInterfaceOrientationLandscapeLeft UIInterfaceOrientationLandscapeRight";
				LD_RUNPATH_SEARCH_PATHS = (
					"$(inherited)",
					"@executable_path/Frameworks",
				);
				MARKETING_VERSION = 1.0;
				PRODUCT_BUNDLE_IDENTIFIER = "-Vvv.FoodDelivery";
				PRODUCT_NAME = "$(TARGET_NAME)";
				SWIFT_EMIT_LOC_STRINGS = YES;
				SWIFT_VERSION = 5.0;
				TARGETED_DEVICE_FAMILY = "1,2";
			};
			name = Debug;
		};
		3BB056592B70FFAF000A1E1D /* Release */ = {
			isa = XCBuildConfiguration;
			buildSettings = {
				ASSETCATALOG_COMPILER_APPICON_NAME = AppIcon;
				ASSETCATALOG_COMPILER_GLOBAL_ACCENT_COLOR_NAME = AccentColor;
				CODE_SIGN_STYLE = Automatic;
				CURRENT_PROJECT_VERSION = 1;
				DEVELOPMENT_TEAM = UST3K758X8;
				GENERATE_INFOPLIST_FILE = YES;
				INFOPLIST_FILE = FoodDelivery/Resources/Info.plist;
				INFOPLIST_KEY_UIApplicationSupportsIndirectInputEvents = YES;
				INFOPLIST_KEY_UILaunchStoryboardName = LaunchScreen;
				INFOPLIST_KEY_UISupportedInterfaceOrientations_iPad = "UIInterfaceOrientationPortrait UIInterfaceOrientationPortraitUpsideDown UIInterfaceOrientationLandscapeLeft UIInterfaceOrientationLandscapeRight";
				INFOPLIST_KEY_UISupportedInterfaceOrientations_iPhone = "UIInterfaceOrientationPortrait UIInterfaceOrientationLandscapeLeft UIInterfaceOrientationLandscapeRight";
				LD_RUNPATH_SEARCH_PATHS = (
					"$(inherited)",
					"@executable_path/Frameworks",
				);
				MARKETING_VERSION = 1.0;
				PRODUCT_BUNDLE_IDENTIFIER = "-Vvv.FoodDelivery";
				PRODUCT_NAME = "$(TARGET_NAME)";
				SWIFT_EMIT_LOC_STRINGS = YES;
				SWIFT_VERSION = 5.0;
				TARGETED_DEVICE_FAMILY = "1,2";
			};
			name = Release;
		};
/* End XCBuildConfiguration section */

/* Begin XCConfigurationList section */
		3BB056412B70FFAE000A1E1D /* Build configuration list for PBXProject "FoodDelivery" */ = {
			isa = XCConfigurationList;
			buildConfigurations = (
				3BB056552B70FFAF000A1E1D /* Debug */,
				3BB056562B70FFAF000A1E1D /* Release */,
			);
			defaultConfigurationIsVisible = 0;
			defaultConfigurationName = Release;
		};
		3BB056572B70FFAF000A1E1D /* Build configuration list for PBXNativeTarget "FoodDelivery" */ = {
			isa = XCConfigurationList;
			buildConfigurations = (
				3BB056582B70FFAF000A1E1D /* Debug */,
				3BB056592B70FFAF000A1E1D /* Release */,
			);
			defaultConfigurationIsVisible = 0;
			defaultConfigurationName = Release;
		};
/* End XCConfigurationList section */

/* Begin XCRemoteSwiftPackageReference section */
		3BB0567B2B710582000A1E1D /* XCRemoteSwiftPackageReference "RxAlamofire" */ = {
			isa = XCRemoteSwiftPackageReference;
			repositoryURL = "https://github.com/RxSwiftCommunity/RxAlamofire";
			requirement = {
				kind = exactVersion;
				version = 6.1.1;
			};
		};
		3BB0567E2B710590000A1E1D /* XCRemoteSwiftPackageReference "SnapKit" */ = {
			isa = XCRemoteSwiftPackageReference;
			repositoryURL = "https://github.com/SnapKit/SnapKit";
			requirement = {
				kind = upToNextMajorVersion;
				minimumVersion = 5.7.0;
			};
		};
		3BB056812B71063C000A1E1D /* XCRemoteSwiftPackageReference "RxDataSources" */ = {
			isa = XCRemoteSwiftPackageReference;
			repositoryURL = "https://github.com/RxSwiftCommunity/RxDataSources.git";
			requirement = {
				kind = upToNextMajorVersion;
				minimumVersion = 5.0.2;
			};
		};
/* End XCRemoteSwiftPackageReference section */

/* Begin XCSwiftPackageProductDependency section */
		3BB0567C2B710582000A1E1D /* RxAlamofire */ = {
			isa = XCSwiftPackageProductDependency;
			package = 3BB0567B2B710582000A1E1D /* XCRemoteSwiftPackageReference "RxAlamofire" */;
			productName = RxAlamofire;
		};
		3BB0567F2B710590000A1E1D /* SnapKit */ = {
			isa = XCSwiftPackageProductDependency;
			package = 3BB0567E2B710590000A1E1D /* XCRemoteSwiftPackageReference "SnapKit" */;
			productName = SnapKit;
		};
		3BB056822B71063C000A1E1D /* Differentiator */ = {
			isa = XCSwiftPackageProductDependency;
			package = 3BB056812B71063C000A1E1D /* XCRemoteSwiftPackageReference "RxDataSources" */;
			productName = Differentiator;
		};
		3BB056842B71063C000A1E1D /* RxDataSources */ = {
			isa = XCSwiftPackageProductDependency;
			package = 3BB056812B71063C000A1E1D /* XCRemoteSwiftPackageReference "RxDataSources" */;
			productName = RxDataSources;
		};
/* End XCSwiftPackageProductDependency section */
	};
	rootObject = 3BB0563E2B70FFAE000A1E1D /* Project object */;
}
